// !$*UTF8*$!
{
	archiveVersion = 1;
	classes = {
	};
	objectVersion = 46;
	objects = {

/* Begin PBXBuildFile section */
		7E13FE7D18EB0B6A0071D003 /* pocketViewController.m in Sources */ = {isa = PBXBuildFile; fileRef = 7E13FE7C18EB0B6A0071D003 /* pocketViewController.m */; };
		7E13FE7F18EB77940071D003 /* header.png in Resources */ = {isa = PBXBuildFile; fileRef = 7E13FE7E18EB77940071D003 /* header.png */; };
		7E18E18618F3054300A70B1B /* iRate.bundle in Resources */ = {isa = PBXBuildFile; fileRef = 7E18E18318F3054300A70B1B /* iRate.bundle */; };
		7E18E18718F3054300A70B1B /* iRate.m in Sources */ = {isa = PBXBuildFile; fileRef = 7E18E18518F3054300A70B1B /* iRate.m */; };
		7E18E18A18F3057D00A70B1B /* iRateViewController.m in Sources */ = {isa = PBXBuildFile; fileRef = 7E18E18918F3057D00A70B1B /* iRateViewController.m */; };
		7E3D856E18E8EF3400F05C0E /* Foundation.framework in Frameworks */ = {isa = PBXBuildFile; fileRef = 7E3D856D18E8EF3400F05C0E /* Foundation.framework */; };
		7E3D857018E8EF3400F05C0E /* CoreGraphics.framework in Frameworks */ = {isa = PBXBuildFile; fileRef = 7E3D856F18E8EF3400F05C0E /* CoreGraphics.framework */; };
		7E3D857218E8EF3400F05C0E /* UIKit.framework in Frameworks */ = {isa = PBXBuildFile; fileRef = 7E3D857118E8EF3400F05C0E /* UIKit.framework */; };
		7E3D857818E8EF3400F05C0E /* InfoPlist.strings in Resources */ = {isa = PBXBuildFile; fileRef = 7E3D857618E8EF3400F05C0E /* InfoPlist.strings */; };
		7E3D857A18E8EF3400F05C0E /* main.m in Sources */ = {isa = PBXBuildFile; fileRef = 7E3D857918E8EF3400F05C0E /* main.m */; };
		7E3D857E18E8EF3400F05C0E /* AppDelegate.m in Sources */ = {isa = PBXBuildFile; fileRef = 7E3D857D18E8EF3400F05C0E /* AppDelegate.m */; };
		7E3D858918E8EF3400F05C0E /* Images.xcassets in Resources */ = {isa = PBXBuildFile; fileRef = 7E3D858818E8EF3400F05C0E /* Images.xcassets */; };
		7E3D859018E8EF3400F05C0E /* XCTest.framework in Frameworks */ = {isa = PBXBuildFile; fileRef = 7E3D858F18E8EF3400F05C0E /* XCTest.framework */; };
		7E3D859118E8EF3400F05C0E /* Foundation.framework in Frameworks */ = {isa = PBXBuildFile; fileRef = 7E3D856D18E8EF3400F05C0E /* Foundation.framework */; };
		7E3D859218E8EF3400F05C0E /* UIKit.framework in Frameworks */ = {isa = PBXBuildFile; fileRef = 7E3D857118E8EF3400F05C0E /* UIKit.framework */; };
		7E3D859A18E8EF3400F05C0E /* InfoPlist.strings in Resources */ = {isa = PBXBuildFile; fileRef = 7E3D859818E8EF3400F05C0E /* InfoPlist.strings */; };
		7E3D859C18E8EF3400F05C0E /* PocketChangeTests.m in Sources */ = {isa = PBXBuildFile; fileRef = 7E3D859B18E8EF3400F05C0E /* PocketChangeTests.m */; };
		7EA5C3E818EE690D00D23526 /* pocketChange.png in Resources */ = {isa = PBXBuildFile; fileRef = 7EA5C3E718EE690D00D23526 /* pocketChange.png */; };
		7EA5C3EC18EE6DF500D23526 /* pc.png in Resources */ = {isa = PBXBuildFile; fileRef = 7EA5C3EB18EE6DF500D23526 /* pc.png */; };
		7EA5C3EE18EE710800D23526 /* title.png in Resources */ = {isa = PBXBuildFile; fileRef = 7EA5C3ED18EE710800D23526 /* title.png */; };
		7EA5C3F018EE725900D23526 /* black.png in Resources */ = {isa = PBXBuildFile; fileRef = 7EA5C3EF18EE725900D23526 /* black.png */; };
		7EA5C3F218EE7C7F00D23526 /* Calculater.png in Resources */ = {isa = PBXBuildFile; fileRef = 7EA5C3F118EE7C7F00D23526 /* Calculater.png */; };
		7EA5C3F518EF106500D23526 /* TableTableViewController.m in Sources */ = {isa = PBXBuildFile; fileRef = 7EA5C3F418EF106500D23526 /* TableTableViewController.m */; };
		7EB79AC319E310E9001A8168 /* Main.storyboard in Resources */ = {isa = PBXBuildFile; fileRef = 7EB79AC119E310E9001A8168 /* Main.storyboard */; };
		7EE3F35118F1D7BF00DF695E /* pock.png in Resources */ = {isa = PBXBuildFile; fileRef = 7EE3F35018F1D7BF00DF695E /* pock.png */; };
		7EE3F35318F1E26B00DF695E /* pcok1.png in Resources */ = {isa = PBXBuildFile; fileRef = 7EE3F35218F1E26B00DF695E /* pcok1.png */; };
		7EE3F35518F1E6DE00DF695E /* line.png in Resources */ = {isa = PBXBuildFile; fileRef = 7EE3F35418F1E6DE00DF695E /* line.png */; };
		7EE3F35718F2103600DF695E /* RevMobAds.framework in Frameworks */ = {isa = PBXBuildFile; fileRef = 7EE3F35618F2103600DF695E /* RevMobAds.framework */; };
		7EE3F35918F2105A00DF695E /* SystemConfiguration.framework in Frameworks */ = {isa = PBXBuildFile; fileRef = 7EE3F35818F2105A00DF695E /* SystemConfiguration.framework */; };
		7EE3F35B18F2106700DF695E /* StoreKit.framework in Frameworks */ = {isa = PBXBuildFile; fileRef = 7EE3F35A18F2106700DF695E /* StoreKit.framework */; };
		7EE3F35D18F2107700DF695E /* AdSupport.framework in Frameworks */ = {isa = PBXBuildFile; fileRef = 7EE3F35C18F2107700DF695E /* AdSupport.framework */; };
/* End PBXBuildFile section */

/* Begin PBXContainerItemProxy section */
		7E3D859318E8EF3400F05C0E /* PBXContainerItemProxy */ = {
			isa = PBXContainerItemProxy;
			containerPortal = 7E3D856218E8EF3400F05C0E /* Project object */;
			proxyType = 1;
			remoteGlobalIDString = 7E3D856918E8EF3400F05C0E;
			remoteInfo = PocketChange;
		};
/* End PBXContainerItemProxy section */

/* Begin PBXFileReference section */
		7E13FE7B18EB0B6A0071D003 /* pocketViewController.h */ = {isa = PBXFileReference; fileEncoding = 4; lastKnownFileType = sourcecode.c.h; path = pocketViewController.h; sourceTree = "<group>"; };
		7E13FE7C18EB0B6A0071D003 /* pocketViewController.m */ = {isa = PBXFileReference; fileEncoding = 4; lastKnownFileType = sourcecode.c.objc; path = pocketViewController.m; sourceTree = "<group>"; };
		7E13FE7E18EB77940071D003 /* header.png */ = {isa = PBXFileReference; lastKnownFileType = image.png; path = header.png; sourceTree = "<group>"; };
		7E18E18318F3054300A70B1B /* iRate.bundle */ = {isa = PBXFileReference; lastKnownFileType = "wrapper.plug-in"; path = iRate.bundle; sourceTree = "<group>"; };
		7E18E18418F3054300A70B1B /* iRate.h */ = {isa = PBXFileReference; fileEncoding = 4; lastKnownFileType = sourcecode.c.h; path = iRate.h; sourceTree = "<group>"; };
		7E18E18518F3054300A70B1B /* iRate.m */ = {isa = PBXFileReference; fileEncoding = 4; lastKnownFileType = sourcecode.c.objc; path = iRate.m; sourceTree = "<group>"; };
		7E18E18818F3057D00A70B1B /* iRateViewController.h */ = {isa = PBXFileReference; fileEncoding = 4; lastKnownFileType = sourcecode.c.h; path = iRateViewController.h; sourceTree = "<group>"; };
		7E18E18918F3057D00A70B1B /* iRateViewController.m */ = {isa = PBXFileReference; fileEncoding = 4; lastKnownFileType = sourcecode.c.objc; path = iRateViewController.m; sourceTree = "<group>"; };
		7E3D856A18E8EF3400F05C0E /* PocketChange.app */ = {isa = PBXFileReference; explicitFileType = wrapper.application; includeInIndex = 0; path = PocketChange.app; sourceTree = BUILT_PRODUCTS_DIR; };
		7E3D856D18E8EF3400F05C0E /* Foundation.framework */ = {isa = PBXFileReference; lastKnownFileType = wrapper.framework; name = Foundation.framework; path = System/Library/Frameworks/Foundation.framework; sourceTree = SDKROOT; };
		7E3D856F18E8EF3400F05C0E /* CoreGraphics.framework */ = {isa = PBXFileReference; lastKnownFileType = wrapper.framework; name = CoreGraphics.framework; path = System/Library/Frameworks/CoreGraphics.framework; sourceTree = SDKROOT; };
		7E3D857118E8EF3400F05C0E /* UIKit.framework */ = {isa = PBXFileReference; lastKnownFileType = wrapper.framework; name = UIKit.framework; path = System/Library/Frameworks/UIKit.framework; sourceTree = SDKROOT; };
		7E3D857518E8EF3400F05C0E /* PocketChange-Info.plist */ = {isa = PBXFileReference; lastKnownFileType = text.plist.xml; path = "PocketChange-Info.plist"; sourceTree = "<group>"; };
		7E3D857718E8EF3400F05C0E /* en */ = {isa = PBXFileReference; lastKnownFileType = text.plist.strings; name = en; path = en.lproj/InfoPlist.strings; sourceTree = "<group>"; };
		7E3D857918E8EF3400F05C0E /* main.m */ = {isa = PBXFileReference; lastKnownFileType = sourcecode.c.objc; path = main.m; sourceTree = "<group>"; };
		7E3D857B18E8EF3400F05C0E /* PocketChange-Prefix.pch */ = {isa = PBXFileReference; lastKnownFileType = sourcecode.c.h; path = "PocketChange-Prefix.pch"; sourceTree = "<group>"; };
		7E3D857C18E8EF3400F05C0E /* AppDelegate.h */ = {isa = PBXFileReference; lastKnownFileType = sourcecode.c.h; path = AppDelegate.h; sourceTree = "<group>"; };
		7E3D857D18E8EF3400F05C0E /* AppDelegate.m */ = {isa = PBXFileReference; lastKnownFileType = sourcecode.c.objc; path = AppDelegate.m; sourceTree = "<group>"; };
		7E3D858018E8EF3400F05C0E /* Base */ = {isa = PBXFileReference; lastKnownFileType = file.storyboard; name = Base; path = Base.lproj/Main.storyboard; sourceTree = "<group>"; };
		7E3D858818E8EF3400F05C0E /* Images.xcassets */ = {isa = PBXFileReference; lastKnownFileType = folder.assetcatalog; path = Images.xcassets; sourceTree = "<group>"; };
		7E3D858E18E8EF3400F05C0E /* PocketChangeTests.xctest */ = {isa = PBXFileReference; explicitFileType = wrapper.cfbundle; includeInIndex = 0; path = PocketChangeTests.xctest; sourceTree = BUILT_PRODUCTS_DIR; };
		7E3D858F18E8EF3400F05C0E /* XCTest.framework */ = {isa = PBXFileReference; lastKnownFileType = wrapper.framework; name = XCTest.framework; path = Library/Frameworks/XCTest.framework; sourceTree = DEVELOPER_DIR; };
		7E3D859718E8EF3400F05C0E /* PocketChangeTests-Info.plist */ = {isa = PBXFileReference; lastKnownFileType = text.plist.xml; path = "PocketChangeTests-Info.plist"; sourceTree = "<group>"; };
		7E3D859918E8EF3400F05C0E /* en */ = {isa = PBXFileReference; lastKnownFileType = text.plist.strings; name = en; path = en.lproj/InfoPlist.strings; sourceTree = "<group>"; };
		7E3D859B18E8EF3400F05C0E /* PocketChangeTests.m */ = {isa = PBXFileReference; lastKnownFileType = sourcecode.c.objc; path = PocketChangeTests.m; sourceTree = "<group>"; };
		7EA5C3E718EE690D00D23526 /* pocketChange.png */ = {isa = PBXFileReference; lastKnownFileType = image.png; path = pocketChange.png; sourceTree = "<group>"; };
		7EA5C3EB18EE6DF500D23526 /* pc.png */ = {isa = PBXFileReference; lastKnownFileType = image.png; path = pc.png; sourceTree = "<group>"; };
		7EA5C3ED18EE710800D23526 /* title.png */ = {isa = PBXFileReference; lastKnownFileType = image.png; path = title.png; sourceTree = "<group>"; };
		7EA5C3EF18EE725900D23526 /* black.png */ = {isa = PBXFileReference; lastKnownFileType = image.png; path = black.png; sourceTree = "<group>"; };
		7EA5C3F118EE7C7F00D23526 /* Calculater.png */ = {isa = PBXFileReference; lastKnownFileType = image.png; path = Calculater.png; sourceTree = "<group>"; };
		7EA5C3F318EF106500D23526 /* TableTableViewController.h */ = {isa = PBXFileReference; fileEncoding = 4; lastKnownFileType = sourcecode.c.h; path = TableTableViewController.h; sourceTree = "<group>"; };
		7EA5C3F418EF106500D23526 /* TableTableViewController.m */ = {isa = PBXFileReference; fileEncoding = 4; lastKnownFileType = sourcecode.c.objc; path = TableTableViewController.m; sourceTree = "<group>"; };
		7EB79AC219E310E9001A8168 /* Base */ = {isa = PBXFileReference; lastKnownFileType = file.storyboard; name = Base; path = Main.storyboard; sourceTree = "<group>"; };
		7EE3F35018F1D7BF00DF695E /* pock.png */ = {isa = PBXFileReference; lastKnownFileType = image.png; path = pock.png; sourceTree = "<group>"; };
		7EE3F35218F1E26B00DF695E /* pcok1.png */ = {isa = PBXFileReference; lastKnownFileType = image.png; path = pcok1.png; sourceTree = "<group>"; };
		7EE3F35418F1E6DE00DF695E /* line.png */ = {isa = PBXFileReference; lastKnownFileType = image.png; path = line.png; sourceTree = "<group>"; };
		7EE3F35618F2103600DF695E /* RevMobAds.framework */ = {isa = PBXFileReference; lastKnownFileType = wrapper.framework; path = RevMobAds.framework; sourceTree = "<group>"; };
		7EE3F35818F2105A00DF695E /* SystemConfiguration.framework */ = {isa = PBXFileReference; lastKnownFileType = wrapper.framework; name = SystemConfiguration.framework; path = System/Library/Frameworks/SystemConfiguration.framework; sourceTree = SDKROOT; };
		7EE3F35A18F2106700DF695E /* StoreKit.framework */ = {isa = PBXFileReference; lastKnownFileType = wrapper.framework; name = StoreKit.framework; path = System/Library/Frameworks/StoreKit.framework; sourceTree = SDKROOT; };
		7EE3F35C18F2107700DF695E /* AdSupport.framework */ = {isa = PBXFileReference; lastKnownFileType = wrapper.framework; name = AdSupport.framework; path = System/Library/Frameworks/AdSupport.framework; sourceTree = SDKROOT; };
/* End PBXFileReference section */

/* Begin PBXFrameworksBuildPhase section */
		7E3D856718E8EF3400F05C0E /* Frameworks */ = {
			isa = PBXFrameworksBuildPhase;
			buildActionMask = 2147483647;
			files = (
				7EE3F35D18F2107700DF695E /* AdSupport.framework in Frameworks */,
				7EE3F35B18F2106700DF695E /* StoreKit.framework in Frameworks */,
				7EE3F35918F2105A00DF695E /* SystemConfiguration.framework in Frameworks */,
				7E3D857018E8EF3400F05C0E /* CoreGraphics.framework in Frameworks */,
				7E3D857218E8EF3400F05C0E /* UIKit.framework in Frameworks */,
				7EE3F35718F2103600DF695E /* RevMobAds.framework in Frameworks */,
				7E3D856E18E8EF3400F05C0E /* Foundation.framework in Frameworks */,
			);
			runOnlyForDeploymentPostprocessing = 0;
		};
		7E3D858B18E8EF3400F05C0E /* Frameworks */ = {
			isa = PBXFrameworksBuildPhase;
			buildActionMask = 2147483647;
			files = (
				7E3D859018E8EF3400F05C0E /* XCTest.framework in Frameworks */,
				7E3D859218E8EF3400F05C0E /* UIKit.framework in Frameworks */,
				7E3D859118E8EF3400F05C0E /* Foundation.framework in Frameworks */,
			);
			runOnlyForDeploymentPostprocessing = 0;
		};
/* End PBXFrameworksBuildPhase section */

/* Begin PBXGroup section */
		7E18E18218F3054300A70B1B /* iRate */ = {
			isa = PBXGroup;
			children = (
				7E18E18818F3057D00A70B1B /* iRateViewController.h */,
				7E18E18918F3057D00A70B1B /* iRateViewController.m */,
				7E18E18318F3054300A70B1B /* iRate.bundle */,
				7E18E18418F3054300A70B1B /* iRate.h */,
				7E18E18518F3054300A70B1B /* iRate.m */,
			);
			path = iRate;
			sourceTree = "<group>";
		};
		7E3D856118E8EF3400F05C0E = {
			isa = PBXGroup;
			children = (
				7E3D857318E8EF3400F05C0E /* PocketChange */,
				7E3D859518E8EF3400F05C0E /* PocketChangeTests */,
				7E3D856C18E8EF3400F05C0E /* Frameworks */,
				7E3D856B18E8EF3400F05C0E /* Products */,
			);
			sourceTree = "<group>";
		};
		7E3D856B18E8EF3400F05C0E /* Products */ = {
			isa = PBXGroup;
			children = (
				7E3D856A18E8EF3400F05C0E /* PocketChange.app */,
				7E3D858E18E8EF3400F05C0E /* PocketChangeTests.xctest */,
			);
			name = Products;
			sourceTree = "<group>";
		};
		7E3D856C18E8EF3400F05C0E /* Frameworks */ = {
			isa = PBXGroup;
			children = (
				7EE3F35C18F2107700DF695E /* AdSupport.framework */,
				7EE3F35A18F2106700DF695E /* StoreKit.framework */,
				7EE3F35818F2105A00DF695E /* SystemConfiguration.framework */,
				7EE3F35618F2103600DF695E /* RevMobAds.framework */,
				7E3D856D18E8EF3400F05C0E /* Foundation.framework */,
				7E3D856F18E8EF3400F05C0E /* CoreGraphics.framework */,
				7E3D857118E8EF3400F05C0E /* UIKit.framework */,
				7E3D858F18E8EF3400F05C0E /* XCTest.framework */,
			);
			name = Frameworks;
			sourceTree = "<group>";
		};
		7E3D857318E8EF3400F05C0E /* PocketChange */ = {
			isa = PBXGroup;
			children = (
				7EB79AC019E310E9001A8168 /* Base.lproj */,
				7E18E18218F3054300A70B1B /* iRate */,
				7EE3F35418F1E6DE00DF695E /* line.png */,
				7EE3F35218F1E26B00DF695E /* pcok1.png */,
				7EE3F35018F1D7BF00DF695E /* pock.png */,
				7EA5C3F118EE7C7F00D23526 /* Calculater.png */,
				7EA5C3EF18EE725900D23526 /* black.png */,
				7EA5C3ED18EE710800D23526 /* title.png */,
				7EA5C3EB18EE6DF500D23526 /* pc.png */,
				7EA5C3E718EE690D00D23526 /* pocketChange.png */,
				7E13FE7E18EB77940071D003 /* header.png */,
				7E3D857C18E8EF3400F05C0E /* AppDelegate.h */,
				7E3D857D18E8EF3400F05C0E /* AppDelegate.m */,
				7E3D857F18E8EF3400F05C0E /* Main.storyboard */,
				7E3D858818E8EF3400F05C0E /* Images.xcassets */,
				7E3D857418E8EF3400F05C0E /* Supporting Files */,
				7E13FE7B18EB0B6A0071D003 /* pocketViewController.h */,
				7E13FE7C18EB0B6A0071D003 /* pocketViewController.m */,
				7EA5C3F318EF106500D23526 /* TableTableViewController.h */,
				7EA5C3F418EF106500D23526 /* TableTableViewController.m */,
			);
			path = PocketChange;
			sourceTree = "<group>";
		};
		7E3D857418E8EF3400F05C0E /* Supporting Files */ = {
			isa = PBXGroup;
			children = (
				7E3D857518E8EF3400F05C0E /* PocketChange-Info.plist */,
				7E3D857618E8EF3400F05C0E /* InfoPlist.strings */,
				7E3D857918E8EF3400F05C0E /* main.m */,
				7E3D857B18E8EF3400F05C0E /* PocketChange-Prefix.pch */,
			);
			name = "Supporting Files";
			sourceTree = "<group>";
		};
		7E3D859518E8EF3400F05C0E /* PocketChangeTests */ = {
			isa = PBXGroup;
			children = (
				7E3D859B18E8EF3400F05C0E /* PocketChangeTests.m */,
				7E3D859618E8EF3400F05C0E /* Supporting Files */,
			);
			path = PocketChangeTests;
			sourceTree = "<group>";
		};
		7E3D859618E8EF3400F05C0E /* Supporting Files */ = {
			isa = PBXGroup;
			children = (
				7E3D859718E8EF3400F05C0E /* PocketChangeTests-Info.plist */,
				7E3D859818E8EF3400F05C0E /* InfoPlist.strings */,
			);
			name = "Supporting Files";
			sourceTree = "<group>";
		};
		7EB79AC019E310E9001A8168 /* Base.lproj */ = {
			isa = PBXGroup;
			children = (
				7EB79AC119E310E9001A8168 /* Main.storyboard */,
			);
			path = Base.lproj;
			sourceTree = "<group>";
		};
/* End PBXGroup section */

/* Begin PBXNativeTarget section */
		7E3D856918E8EF3400F05C0E /* PocketChange */ = {
			isa = PBXNativeTarget;
			buildConfigurationList = 7E3D859F18E8EF3400F05C0E /* Build configuration list for PBXNativeTarget "PocketChange" */;
			buildPhases = (
				7E3D856618E8EF3400F05C0E /* Sources */,
				7E3D856718E8EF3400F05C0E /* Frameworks */,
				7E3D856818E8EF3400F05C0E /* Resources */,
			);
			buildRules = (
			);
			dependencies = (
			);
			name = PocketChange;
			productName = PocketChange;
			productReference = 7E3D856A18E8EF3400F05C0E /* PocketChange.app */;
			productType = "com.apple.product-type.application";
		};
		7E3D858D18E8EF3400F05C0E /* PocketChangeTests */ = {
			isa = PBXNativeTarget;
			buildConfigurationList = 7E3D85A218E8EF3400F05C0E /* Build configuration list for PBXNativeTarget "PocketChangeTests" */;
			buildPhases = (
				7E3D858A18E8EF3400F05C0E /* Sources */,
				7E3D858B18E8EF3400F05C0E /* Frameworks */,
				7E3D858C18E8EF3400F05C0E /* Resources */,
			);
			buildRules = (
			);
			dependencies = (
				7E3D859418E8EF3400F05C0E /* PBXTargetDependency */,
			);
			name = PocketChangeTests;
			productName = PocketChangeTests;
			productReference = 7E3D858E18E8EF3400F05C0E /* PocketChangeTests.xctest */;
			productType = "com.apple.product-type.bundle.unit-test";
		};
/* End PBXNativeTarget section */

/* Begin PBXProject section */
		7E3D856218E8EF3400F05C0E /* Project object */ = {
			isa = PBXProject;
			attributes = {
				LastUpgradeCheck = 0510;
				ORGANIZATIONNAME = "Erica Roy";
				TargetAttributes = {
					7E3D856918E8EF3400F05C0E = {
						DevelopmentTeam = G4TUEEJMQJ;
					};
					7E3D858D18E8EF3400F05C0E = {
						TestTargetID = 7E3D856918E8EF3400F05C0E;
					};
				};
			};
			buildConfigurationList = 7E3D856518E8EF3400F05C0E /* Build configuration list for PBXProject "PocketChange" */;
			compatibilityVersion = "Xcode 3.2";
			developmentRegion = English;
			hasScannedForEncodings = 0;
			knownRegions = (
				en,
				Base,
			);
			mainGroup = 7E3D856118E8EF3400F05C0E;
			productRefGroup = 7E3D856B18E8EF3400F05C0E /* Products */;
			projectDirPath = "";
			projectRoot = "";
			targets = (
				7E3D856918E8EF3400F05C0E /* PocketChange */,
				7E3D858D18E8EF3400F05C0E /* PocketChangeTests */,
			);
		};
/* End PBXProject section */

/* Begin PBXResourcesBuildPhase section */
		7E3D856818E8EF3400F05C0E /* Resources */ = {
			isa = PBXResourcesBuildPhase;
			buildActionMask = 2147483647;
			files = (
				7EA5C3E818EE690D00D23526 /* pocketChange.png in Resources */,
				7EE3F35318F1E26B00DF695E /* pcok1.png in Resources */,
				7EA5C3F018EE725900D23526 /* black.png in Resources */,
				7EA5C3F218EE7C7F00D23526 /* Calculater.png in Resources */,
				7E3D858918E8EF3400F05C0E /* Images.xcassets in Resources */,
				7EA5C3EE18EE710800D23526 /* title.png in Resources */,
				7E18E18618F3054300A70B1B /* iRate.bundle in Resources */,
				7EB79AC319E310E9001A8168 /* Main.storyboard in Resources */,
				7EA5C3EC18EE6DF500D23526 /* pc.png in Resources */,
				7EE3F35118F1D7BF00DF695E /* pock.png in Resources */,
				7E3D857818E8EF3400F05C0E /* InfoPlist.strings in Resources */,
				7E13FE7F18EB77940071D003 /* header.png in Resources */,
				7EE3F35518F1E6DE00DF695E /* line.png in Resources */,
			);
			runOnlyForDeploymentPostprocessing = 0;
		};
		7E3D858C18E8EF3400F05C0E /* Resources */ = {
			isa = PBXResourcesBuildPhase;
			buildActionMask = 2147483647;
			files = (
				7E3D859A18E8EF3400F05C0E /* InfoPlist.strings in Resources */,
			);
			runOnlyForDeploymentPostprocessing = 0;
		};
/* End PBXResourcesBuildPhase section */

/* Begin PBXSourcesBuildPhase section */
		7E3D856618E8EF3400F05C0E /* Sources */ = {
			isa = PBXSourcesBuildPhase;
			buildActionMask = 2147483647;
			files = (
				7EA5C3F518EF106500D23526 /* TableTableViewController.m in Sources */,
				7E18E18718F3054300A70B1B /* iRate.m in Sources */,
				7E3D857E18E8EF3400F05C0E /* AppDelegate.m in Sources */,
				7E3D857A18E8EF3400F05C0E /* main.m in Sources */,
				7E18E18A18F3057D00A70B1B /* iRateViewController.m in Sources */,
				7E13FE7D18EB0B6A0071D003 /* pocketViewController.m in Sources */,
			);
			runOnlyForDeploymentPostprocessing = 0;
		};
		7E3D858A18E8EF3400F05C0E /* Sources */ = {
			isa = PBXSourcesBuildPhase;
			buildActionMask = 2147483647;
			files = (
				7E3D859C18E8EF3400F05C0E /* PocketChangeTests.m in Sources */,
			);
			runOnlyForDeploymentPostprocessing = 0;
		};
/* End PBXSourcesBuildPhase section */

/* Begin PBXTargetDependency section */
		7E3D859418E8EF3400F05C0E /* PBXTargetDependency */ = {
			isa = PBXTargetDependency;
			target = 7E3D856918E8EF3400F05C0E /* PocketChange */;
			targetProxy = 7E3D859318E8EF3400F05C0E /* PBXContainerItemProxy */;
		};
/* End PBXTargetDependency section */

/* Begin PBXVariantGroup section */
		7E3D857618E8EF3400F05C0E /* InfoPlist.strings */ = {
			isa = PBXVariantGroup;
			children = (
				7E3D857718E8EF3400F05C0E /* en */,
			);
			name = InfoPlist.strings;
			sourceTree = "<group>";
		};
		7E3D857F18E8EF3400F05C0E /* Main.storyboard */ = {
			isa = PBXVariantGroup;
			children = (
				7E3D858018E8EF3400F05C0E /* Base */,
			);
			name = Main.storyboard;
			sourceTree = "<group>";
		};
		7E3D859818E8EF3400F05C0E /* InfoPlist.strings */ = {
			isa = PBXVariantGroup;
			children = (
				7E3D859918E8EF3400F05C0E /* en */,
			);
			name = InfoPlist.strings;
			sourceTree = "<group>";
		};
		7EB79AC119E310E9001A8168 /* Main.storyboard */ = {
			isa = PBXVariantGroup;
			children = (
				7EB79AC219E310E9001A8168 /* Base */,
			);
			name = Main.storyboard;
			sourceTree = "<group>";
		};
/* End PBXVariantGroup section */

/* Begin XCBuildConfiguration section */
		7E3D859D18E8EF3400F05C0E /* Debug */ = {
			isa = XCBuildConfiguration;
			buildSettings = {
				ALWAYS_SEARCH_USER_PATHS = NO;
				CLANG_CXX_LANGUAGE_STANDARD = "gnu++0x";
				CLANG_CXX_LIBRARY = "libc++";
				CLANG_ENABLE_MODULES = YES;
				CLANG_ENABLE_OBJC_ARC = YES;
				CLANG_WARN_BOOL_CONVERSION = YES;
				CLANG_WARN_CONSTANT_CONVERSION = YES;
				CLANG_WARN_DIRECT_OBJC_ISA_USAGE = YES_ERROR;
				CLANG_WARN_EMPTY_BODY = YES;
				CLANG_WARN_ENUM_CONVERSION = YES;
				CLANG_WARN_INT_CONVERSION = YES;
				CLANG_WARN_OBJC_ROOT_CLASS = YES_ERROR;
				CLANG_WARN__DUPLICATE_METHOD_MATCH = YES;
				"CODE_SIGN_IDENTITY[sdk=iphoneos*]" = "iPhone Developer";
				COPY_PHASE_STRIP = NO;
				GCC_C_LANGUAGE_STANDARD = gnu99;
				GCC_DYNAMIC_NO_PIC = NO;
				GCC_OPTIMIZATION_LEVEL = 0;
				GCC_PREPROCESSOR_DEFINITIONS = (
					"DEBUG=1",
					"$(inherited)",
				);
				GCC_SYMBOLS_PRIVATE_EXTERN = NO;
				GCC_WARN_64_TO_32_BIT_CONVERSION = YES;
				GCC_WARN_ABOUT_RETURN_TYPE = YES_ERROR;
				GCC_WARN_UNDECLARED_SELECTOR = YES;
				GCC_WARN_UNINITIALIZED_AUTOS = YES_AGGRESSIVE;
				GCC_WARN_UNUSED_FUNCTION = YES;
				GCC_WARN_UNUSED_VARIABLE = YES;
				IPHONEOS_DEPLOYMENT_TARGET = 7.1;
				ONLY_ACTIVE_ARCH = YES;
				SDKROOT = iphoneos;
			};
			name = Debug;
		};
		7E3D859E18E8EF3400F05C0E /* Release */ = {
			isa = XCBuildConfiguration;
			buildSettings = {
				ALWAYS_SEARCH_USER_PATHS = NO;
				CLANG_CXX_LANGUAGE_STANDARD = "gnu++0x";
				CLANG_CXX_LIBRARY = "libc++";
				CLANG_ENABLE_MODULES = YES;
				CLANG_ENABLE_OBJC_ARC = YES;
				CLANG_WARN_BOOL_CONVERSION = YES;
				CLANG_WARN_CONSTANT_CONVERSION = YES;
				CLANG_WARN_DIRECT_OBJC_ISA_USAGE = YES_ERROR;
				CLANG_WARN_EMPTY_BODY = YES;
				CLANG_WARN_ENUM_CONVERSION = YES;
				CLANG_WARN_INT_CONVERSION = YES;
				CLANG_WARN_OBJC_ROOT_CLASS = YES_ERROR;
				CLANG_WARN__DUPLICATE_METHOD_MATCH = YES;
				"CODE_SIGN_IDENTITY[sdk=iphoneos*]" = "iPhone Developer";
				COPY_PHASE_STRIP = YES;
				ENABLE_NS_ASSERTIONS = NO;
				GCC_C_LANGUAGE_STANDARD = gnu99;
				GCC_WARN_64_TO_32_BIT_CONVERSION = YES;
				GCC_WARN_ABOUT_RETURN_TYPE = YES_ERROR;
				GCC_WARN_UNDECLARED_SELECTOR = YES;
				GCC_WARN_UNINITIALIZED_AUTOS = YES_AGGRESSIVE;
				GCC_WARN_UNUSED_FUNCTION = YES;
				GCC_WARN_UNUSED_VARIABLE = YES;
				IPHONEOS_DEPLOYMENT_TARGET = 7.1;
				SDKROOT = iphoneos;
				VALIDATE_PRODUCT = YES;
			};
			name = Release;
		};
		7E3D85A018E8EF3400F05C0E /* Debug */ = {
			isa = XCBuildConfiguration;
			buildSettings = {
				ASSETCATALOG_COMPILER_APPICON_NAME = AppIcon;
				ASSETCATALOG_COMPILER_LAUNCHIMAGE_NAME = LaunchImage;
				CODE_SIGN_IDENTITY = "iPhone Developer";
				"CODE_SIGN_IDENTITY[sdk=iphoneos*]" = "iPhone Developer";
				COMPRESS_PNG_FILES = NO;
				FRAMEWORK_SEARCH_PATHS = (
					"$(inherited)",
					"$(PROJECT_DIR)",
				);
				GCC_PRECOMPILE_PREFIX_HEADER = YES;
				GCC_PREFIX_HEADER = "PocketChange/PocketChange-Prefix.pch";
				INFOPLIST_FILE = "PocketChange/PocketChange-Info.plist";
				IPHONEOS_DEPLOYMENT_TARGET = 8.3;
				PRODUCT_NAME = "$(TARGET_NAME)";
				PROVISIONING_PROFILE = "";
				WRAPPER_EXTENSION = app;
			};
			name = Debug;
		};
		7E3D85A118E8EF3400F05C0E /* Release */ = {
			isa = XCBuildConfiguration;
			buildSettings = {
				ASSETCATALOG_COMPILER_APPICON_NAME = AppIcon;
				ASSETCATALOG_COMPILER_LAUNCHIMAGE_NAME = LaunchImage;
				CODE_SIGN_IDENTITY = "iPhone Developer";
				"CODE_SIGN_IDENTITY[sdk=iphoneos*]" = "iPhone Developer";
				COMPRESS_PNG_FILES = NO;
				FRAMEWORK_SEARCH_PATHS = (
					"$(inherited)",
					"$(PROJECT_DIR)",
				);
				GCC_PRECOMPILE_PREFIX_HEADER = YES;
				GCC_PREFIX_HEADER = "PocketChange/PocketChange-Prefix.pch";
				INFOPLIST_FILE = "PocketChange/PocketChange-Info.plist";
				IPHONEOS_DEPLOYMENT_TARGET = 8.3;
				PRODUCT_NAME = "$(TARGET_NAME)";
				PROVISIONING_PROFILE = "";
				WRAPPER_EXTENSION = app;
			};
			name = Release;
		};
		7E3D85A318E8EF3400F05C0E /* Debug */ = {
			isa = XCBuildConfiguration;
			buildSettings = {
				BUNDLE_LOADER = "$(BUILT_PRODUCTS_DIR)/PocketChange.app/PocketChange";
				FRAMEWORK_SEARCH_PATHS = (
					"$(SDKROOT)/Developer/Library/Frameworks",
					"$(inherited)",
					"$(DEVELOPER_FRAMEWORKS_DIR)",
				);
				GCC_PRECOMPILE_PREFIX_HEADER = YES;
				GCC_PREFIX_HEADER = "PocketChange/PocketChange-Prefix.pch";
				GCC_PREPROCESSOR_DEFINITIONS = (
					"DEBUG=1",
					"$(inherited)",
				);
				INFOPLIST_FILE = "PocketChangeTests/PocketChangeTests-Info.plist";
				PRODUCT_NAME = "$(TARGET_NAME)";
				TEST_HOST = "$(BUNDLE_LOADER)";
				WRAPPER_EXTENSION = xctest;
			};
			name = Debug;
		};
		7E3D85A418E8EF3400F05C0E /* Release */ = {
			isa = XCBuildConfiguration;
			buildSettings = {
				BUNDLE_LOADER = "$(BUILT_PRODUCTS_DIR)/PocketChange.app/PocketChange";
				FRAMEWORK_SEARCH_PATHS = (
					"$(SDKROOT)/Developer/Library/Frameworks",
					"$(inherited)",
					"$(DEVELOPER_FRAMEWORKS_DIR)",
				);
				GCC_PRECOMPILE_PREFIX_HEADER = YES;
				GCC_PREFIX_HEADER = "PocketChange/PocketChange-Prefix.pch";
				INFOPLIST_FILE = "PocketChangeTests/PocketChangeTests-Info.plist";
				PRODUCT_NAME = "$(TARGET_NAME)";
				TEST_HOST = "$(BUNDLE_LOADER)";
				WRAPPER_EXTENSION = xctest;
			};
			name = Release;
		};
/* End XCBuildConfiguration section */

/* Begin XCConfigurationList section */
		7E3D856518E8EF3400F05C0E /* Build configuration list for PBXProject "PocketChange" */ = {
			isa = XCConfigurationList;
			buildConfigurations = (
				7E3D859D18E8EF3400F05C0E /* Debug */,
				7E3D859E18E8EF3400F05C0E /* Release */,
			);
			defaultConfigurationIsVisible = 0;
			defaultConfigurationName = Release;
		};
		7E3D859F18E8EF3400F05C0E /* Build configuration list for PBXNativeTarget "PocketChange" */ = {
			isa = XCConfigurationList;
			buildConfigurations = (
				7E3D85A018E8EF3400F05C0E /* Debug */,
				7E3D85A118E8EF3400F05C0E /* Release */,
			);
			defaultConfigurationIsVisible = 0;
			defaultConfigurationName = Release;
		};
		7E3D85A218E8EF3400F05C0E /* Build configuration list for PBXNativeTarget "PocketChangeTests" */ = {
			isa = XCConfigurationList;
			buildConfigurations = (
				7E3D85A318E8EF3400F05C0E /* Debug */,
				7E3D85A418E8EF3400F05C0E /* Release */,
			);
			defaultConfigurationIsVisible = 0;
			defaultConfigurationName = Release;
		};
/* End XCConfigurationList section */
	};
	rootObject = 7E3D856218E8EF3400F05C0E /* Project object */;
}
